
Microsoft Visual Studio Solution File, Format Version 12.00
# Visual Studio Version 17
VisualStudioVersion = 17.13.35913.81 d17.13
MinimumVisualStudioVersion = 10.0.40219.1
Project("{FAE04EC0-301F-11D3-BF4B-00C04F79EFBC}") = "koltsegvetesAlkalmazas", "koltsegvetesAlkalmazas\koltsegvetesAlkalmazas.csproj", "{B7A13C97-27F5-4606-8163-995B01B20AA1}"
EndProject
Global
	GlobalSection(SolutionConfigurationPlatforms) = preSolution
		Debug|Any CPU = Debug|Any CPU
		Release|Any CPU = Release|Any CPU
	EndGlobalSection
	GlobalSection(ProjectConfigurationPlatforms) = postSolution
		{B7A13C97-27F5-4606-8163-995B01B20AA1}.Debug|Any CPU.ActiveCfg = Debug|Any CPU
		{B7A13C97-27F5-4606-8163-995B01B20AA1}.Debug|Any CPU.Build.0 = Debug|Any CPU
		{B7A13C97-27F5-4606-8163-995B01B20AA1}.Release|Any CPU.ActiveCfg = Release|Any CPU
		{B7A13C97-27F5-4606-8163-995B01B20AA1}.Release|Any CPU.Build.0 = Release|Any CPU
	EndGlobalSection
	GlobalSection(SolutionProperties) = preSolution
		HideSolutionNode = FALSE
	EndGlobalSection
	GlobalSection(ExtensibilityGlobals) = postSolution
		SolutionGuid = {AF375FED-CBDC-47D3-B9A6-2B151770B379}
	EndGlobalSection
EndGlobal
